
Microsoft Visual Studio Solution File, Format Version 12.00
# Visual Studio 15
VisualStudioVersion = 15.0.27703.2035
MinimumVisualStudioVersion = 10.0.40219.1
Project("{FAE04EC0-301F-11D3-BF4B-00C04F79EFBC}") = "DataAcsess", "DataAcsess\DataAcsess.csproj", "{082B7CFC-3575-4E27-975A-C244CC59C804}"
EndProject
Project("{FAE04EC0-301F-11D3-BF4B-00C04F79EFBC}") = "StudentSystem2016", "StudentSystem2016\StudentSystem2016.csproj", "{0087FB25-9543-4F5A-A6A4-5C776241845A}"
EndProject
Project("{FAE04EC0-301F-11D3-BF4B-00C04F79EFBC}") = "StudentSystem.Servise", "StudentSystem.Servise\StudentSystem.Servise.csproj", "{7397B65C-4A3C-4063-A4BC-5DDE9D0F575B}"
EndProject
Global
	GlobalSection(SolutionConfigurationPlatforms) = preSolution
		Debug|Any CPU = Debug|Any CPU
		Release|Any CPU = Release|Any CPU
	EndGlobalSection
	GlobalSection(ProjectConfigurationPlatforms) = postSolution
		{082B7CFC-3575-4E27-975A-C244CC59C804}.Debug|Any CPU.ActiveCfg = Debug|Any CPU
		{082B7CFC-3575-4E27-975A-C244CC59C804}.Debug|Any CPU.Build.0 = Debug|Any CPU
		{082B7CFC-3575-4E27-975A-C244CC59C804}.Release|Any CPU.ActiveCfg = Release|Any CPU
		{082B7CFC-3575-4E27-975A-C244CC59C804}.Release|Any CPU.Build.0 = Release|Any CPU
		{0087FB25-9543-4F5A-A6A4-5C776241845A}.Debug|Any CPU.ActiveCfg = Debug|Any CPU
		{0087FB25-9543-4F5A-A6A4-5C776241845A}.Debug|Any CPU.Build.0 = Debug|Any CPU
		{0087FB25-9543-4F5A-A6A4-5C776241845A}.Release|Any CPU.ActiveCfg = Release|Any CPU
		{0087FB25-9543-4F5A-A6A4-5C776241845A}.Release|Any CPU.Build.0 = Release|Any CPU
		{7397B65C-4A3C-4063-A4BC-5DDE9D0F575B}.Debug|Any CPU.ActiveCfg = Debug|Any CPU
		{7397B65C-4A3C-4063-A4BC-5DDE9D0F575B}.Debug|Any CPU.Build.0 = Debug|Any CPU
		{7397B65C-4A3C-4063-A4BC-5DDE9D0F575B}.Release|Any CPU.ActiveCfg = Release|Any CPU
		{7397B65C-4A3C-4063-A4BC-5DDE9D0F575B}.Release|Any CPU.Build.0 = Release|Any CPU
	EndGlobalSection
	GlobalSection(SolutionProperties) = preSolution
		HideSolutionNode = FALSE
	EndGlobalSection
	GlobalSection(ExtensibilityGlobals) = postSolution
		SolutionGuid = {648D5D84-73A7-4D03-9A99-557517E94E63}
	EndGlobalSection
EndGlobal
